
Microsoft Visual Studio Solution File, Format Version 12.00
Project("{F2A71F9B-5D33-465A-A702-920D77279786}") = "Parser", "Parser\Parser.fsproj", "{3E32970E-6153-456F-9B8F-D44C1B9B36DB}"
EndProject
Project("{F2A71F9B-5D33-465A-A702-920D77279786}") = "Testt", "Testt\Testt.fsproj", "{A50C86FF-2B7A-4A1B-9121-BC2295D02D63}"
EndProject
Global
	GlobalSection(SolutionConfigurationPlatforms) = preSolution
		Debug|Any CPU = Debug|Any CPU
		Release|Any CPU = Release|Any CPU
	EndGlobalSection
	GlobalSection(ProjectConfigurationPlatforms) = postSolution
		{3E32970E-6153-456F-9B8F-D44C1B9B36DB}.Debug|Any CPU.ActiveCfg = Debug|Any CPU
		{3E32970E-6153-456F-9B8F-D44C1B9B36DB}.Debug|Any CPU.Build.0 = Debug|Any CPU
		{3E32970E-6153-456F-9B8F-D44C1B9B36DB}.Release|Any CPU.ActiveCfg = Release|Any CPU
		{3E32970E-6153-456F-9B8F-D44C1B9B36DB}.Release|Any CPU.Build.0 = Release|Any CPU
		{A50C86FF-2B7A-4A1B-9121-BC2295D02D63}.Debug|Any CPU.ActiveCfg = Debug|Any CPU
		{A50C86FF-2B7A-4A1B-9121-BC2295D02D63}.Debug|Any CPU.Build.0 = Debug|Any CPU
		{A50C86FF-2B7A-4A1B-9121-BC2295D02D63}.Release|Any CPU.ActiveCfg = Release|Any CPU
		{A50C86FF-2B7A-4A1B-9121-BC2295D02D63}.Release|Any CPU.Build.0 = Release|Any CPU
	EndGlobalSection
EndGlobal
